
Microsoft Visual Studio Solution File, Format Version 12.00
# Visual Studio Version 16
VisualStudioVersion = 16.0.28803.156
MinimumVisualStudioVersion = 10.0.40219.1
Project("{FAE04EC0-301F-11D3-BF4B-00C04F79EFBC}") = "ES.Kubernetes.Reflector", "ES.Kubernetes.Reflector\ES.Kubernetes.Reflector.csproj", "{7FC880DB-5EF3-4B08-A894-8382A1FAEDE2}"
EndProject
Global
	GlobalSection(SolutionConfigurationPlatforms) = preSolution
		Debug|Any CPU = Debug|Any CPU
		Release|Any CPU = Release|Any CPU
	EndGlobalSection
	GlobalSection(ProjectConfigurationPlatforms) = postSolution
		{7FC880DB-5EF3-4B08-A894-8382A1FAEDE2}.Debug|Any CPU.ActiveCfg = Debug|Any CPU
		{7FC880DB-5EF3-4B08-A894-8382A1FAEDE2}.Debug|Any CPU.Build.0 = Debug|Any CPU
		{7FC880DB-5EF3-4B08-A894-8382A1FAEDE2}.Release|Any CPU.ActiveCfg = Release|Any CPU
		{7FC880DB-5EF3-4B08-A894-8382A1FAEDE2}.Release|Any CPU.Build.0 = Release|Any CPU
	EndGlobalSection
	GlobalSection(SolutionProperties) = preSolution
		HideSolutionNode = FALSE
	EndGlobalSection
	GlobalSection(ExtensibilityGlobals) = postSolution
		SolutionGuid = {5713F678-0A8A-495D-9916-6F003DAB1C3C}
	EndGlobalSection
EndGlobal
